
Microsoft Visual Studio Solution File, Format Version 12.00
# Visual Studio Version 16
VisualStudioVersion = 16.0.31019.35
MinimumVisualStudioVersion = 10.0.40219.1
Project("{FAE04EC0-301F-11D3-BF4B-00C04F79EFBC}") = "SiT3", "SiT3\SiT3.csproj", "{92E27785-7D49-451B-9A9D-014D5A5642D1}"
EndProject
Project("{FAE04EC0-301F-11D3-BF4B-00C04F79EFBC}") = "Browser", "Browser\Browser.csproj", "{87DC1070-689C-48A4-ADF1-75F2DC739B59}"
EndProject
Global
	GlobalSection(SolutionConfigurationPlatforms) = preSolution
		Debug|Any CPU = Debug|Any CPU
		Release|Any CPU = Release|Any CPU
	EndGlobalSection
	GlobalSection(ProjectConfigurationPlatforms) = postSolution
		{92E27785-7D49-451B-9A9D-014D5A5642D1}.Debug|Any CPU.ActiveCfg = Debug|Any CPU
		{92E27785-7D49-451B-9A9D-014D5A5642D1}.Debug|Any CPU.Build.0 = Debug|Any CPU
		{92E27785-7D49-451B-9A9D-014D5A5642D1}.Release|Any CPU.ActiveCfg = Release|Any CPU
		{92E27785-7D49-451B-9A9D-014D5A5642D1}.Release|Any CPU.Build.0 = Release|Any CPU
		{87DC1070-689C-48A4-ADF1-75F2DC739B59}.Debug|Any CPU.ActiveCfg = Debug|Any CPU
		{87DC1070-689C-48A4-ADF1-75F2DC739B59}.Debug|Any CPU.Build.0 = Debug|Any CPU
		{87DC1070-689C-48A4-ADF1-75F2DC739B59}.Release|Any CPU.ActiveCfg = Release|Any CPU
		{87DC1070-689C-48A4-ADF1-75F2DC739B59}.Release|Any CPU.Build.0 = Release|Any CPU
	EndGlobalSection
	GlobalSection(SolutionProperties) = preSolution
		HideSolutionNode = FALSE
	EndGlobalSection
	GlobalSection(ExtensibilityGlobals) = postSolution
		SolutionGuid = {573F6160-F2BF-4B6F-BA88-7BCA55339904}
	EndGlobalSection
EndGlobal
